// !$*UTF8*$!
{
	archiveVersion = 1;
	classes = {
	};
	objectVersion = 55;
	objects = {

/* Begin PBXBuildFile section */
		BA48A6D42896E3C000E3C672 /* SpeakButton.swift in Sources */ = {isa = PBXBuildFile; fileRef = BA48A6D32896E3C000E3C672 /* SpeakButton.swift */; };
		BA54A4FF2868C6A400F0D354 /* SpeechRecognizer.swift in Sources */ = {isa = PBXBuildFile; fileRef = BA54A4FE2868C6A400F0D354 /* SpeechRecognizer.swift */; };
		BA54A5012868CD5F00F0D354 /* ImagePicker.swift in Sources */ = {isa = PBXBuildFile; fileRef = BA54A5002868CD5F00F0D354 /* ImagePicker.swift */; };
		BA5E1B8D284E1FCD002AB742 /* PressButton.swift in Sources */ = {isa = PBXBuildFile; fileRef = BA5E1B8C284E1FCD002AB742 /* PressButton.swift */; };
		BA5E1B90284E2821002AB742 /* ColorExtension.swift in Sources */ = {isa = PBXBuildFile; fileRef = BA5E1B8F284E2821002AB742 /* ColorExtension.swift */; };
		BA5E1B96284E4B31002AB742 /* SocketClientManager.swift in Sources */ = {isa = PBXBuildFile; fileRef = BA5E1B95284E4B31002AB742 /* SocketClientManager.swift */; };
		BA8242F4285DC449000F909A /* NetWorkPermission.swift in Sources */ = {isa = PBXBuildFile; fileRef = BA8242F3285DC449000F909A /* NetWorkPermission.swift */; };
		BA9743A22871EAB800125995 /* Assets.xcassets in Resources */ = {isa = PBXBuildFile; fileRef = BA9743A12871EAB800125995 /* Assets.xcassets */; };
		BAAB51222850F66D00B5540F /* Request.swift in Sources */ = {isa = PBXBuildFile; fileRef = BAAB51212850F66D00B5540F /* Request.swift */; };
		BAB5029A284CD7DD0046D988 /* AppDelegate.swift in Sources */ = {isa = PBXBuildFile; fileRef = BAB50299284CD7DD0046D988 /* AppDelegate.swift */; };
		BAB5029C284CD8230046D988 /* prpjp.swift in Sources */ = {isa = PBXBuildFile; fileRef = BAB5029B284CD8230046D988 /* prpjp.swift */; };
		BAD14F0A286B51CA00F0D8F5 /* Translate.swift in Sources */ = {isa = PBXBuildFile; fileRef = BAD14F09286B51CA00F0D8F5 /* Translate.swift */; };
		BAD14F0C286B552800F0D8F5 /* UDPManager.swift in Sources */ = {isa = PBXBuildFile; fileRef = BAD14F0B286B552800F0D8F5 /* UDPManager.swift */; };
		BAE3F0BC286F281500B0B0C8 /* ToggleButton.swift in Sources */ = {isa = PBXBuildFile; fileRef = BAE3F0BB286F281500B0B0C8 /* ToggleButton.swift */; };
		BAFC28312846466F00899F5A /* ContentView.swift in Sources */ = {isa = PBXBuildFile; fileRef = BAFC28302846466F00899F5A /* ContentView.swift */; };
		BAFC28362846467100899F5A /* Preview Assets.xcassets in Resources */ = {isa = PBXBuildFile; fileRef = BAFC28352846467100899F5A /* Preview Assets.xcassets */; };
		BAFC283D28465DD200899F5A /* RadioButton.swift in Sources */ = {isa = PBXBuildFile; fileRef = BAFC283C28465DD200899F5A /* RadioButton.swift */; };
		BAFC28412846633700899F5A /* RectangleButton.swift in Sources */ = {isa = PBXBuildFile; fileRef = BAFC28402846633700899F5A /* RectangleButton.swift */; };
		BAFC28432846689B00899F5A /* TranslationButtonGroup.swift in Sources */ = {isa = PBXBuildFile; fileRef = BAFC28422846689B00899F5A /* TranslationButtonGroup.swift */; };
		BAFC28452849007C00899F5A /* Constants.swift in Sources */ = {isa = PBXBuildFile; fileRef = BAFC28442849007C00899F5A /* Constants.swift */; };
		BAFC284728490BAC00899F5A /* CircleButton.swift in Sources */ = {isa = PBXBuildFile; fileRef = BAFC284628490BAC00899F5A /* CircleButton.swift */; };
		C11861C9A3E2F66909B1D9F6 /* Pods_prpjp.framework in Frameworks */ = {isa = PBXBuildFile; fileRef = 29588CBB10066F5A27EDC45A /* Pods_prpjp.framework */; };
		E325D64928949F74007248B0 /* BlueSocketTestCommonLibrary in Frameworks */ = {isa = PBXBuildFile; productRef = E325D64828949F74007248B0 /* BlueSocketTestCommonLibrary */; };
		E325D64B28949F74007248B0 /* Socket in Frameworks */ = {isa = PBXBuildFile; productRef = E325D64A28949F74007248B0 /* Socket */; };
		E325D64D28949F99007248B0 /* SocketServerManager.swift in Sources */ = {isa = PBXBuildFile; fileRef = E325D64C28949F99007248B0 /* SocketServerManager.swift */; };
		E325D6502894A6DC007248B0 /* TransferData.swift in Sources */ = {isa = PBXBuildFile; fileRef = E325D64F2894A6DC007248B0 /* TransferData.swift */; };
		E38EADA3288EF443005A868C /* PHPVideoPicker.swift in Sources */ = {isa = PBXBuildFile; fileRef = E38EADA2288EF443005A868C /* PHPVideoPicker.swift */; };
/* End PBXBuildFile section */

/* Begin PBXFileReference section */
		29588CBB10066F5A27EDC45A /* Pods_prpjp.framework */ = {isa = PBXFileReference; explicitFileType = wrapper.framework; includeInIndex = 0; path = Pods_prpjp.framework; sourceTree = BUILT_PRODUCTS_DIR; };
		A5724131929B4E040FCD003F /* Pods-prpjp.release.xcconfig */ = {isa = PBXFileReference; includeInIndex = 1; lastKnownFileType = text.xcconfig; name = "Pods-prpjp.release.xcconfig"; path = "Target Support Files/Pods-prpjp/Pods-prpjp.release.xcconfig"; sourceTree = "<group>"; };
		BA48A6D32896E3C000E3C672 /* SpeakButton.swift */ = {isa = PBXFileReference; lastKnownFileType = sourcecode.swift; path = SpeakButton.swift; sourceTree = "<group>"; };
		BA54A4FE2868C6A400F0D354 /* SpeechRecognizer.swift */ = {isa = PBXFileReference; lastKnownFileType = sourcecode.swift; path = SpeechRecognizer.swift; sourceTree = "<group>"; };
		BA54A5002868CD5F00F0D354 /* ImagePicker.swift */ = {isa = PBXFileReference; lastKnownFileType = sourcecode.swift; path = ImagePicker.swift; sourceTree = "<group>"; };
		BA5E1B8C284E1FCD002AB742 /* PressButton.swift */ = {isa = PBXFileReference; lastKnownFileType = sourcecode.swift; path = PressButton.swift; sourceTree = "<group>"; };
		BA5E1B8F284E2821002AB742 /* ColorExtension.swift */ = {isa = PBXFileReference; lastKnownFileType = sourcecode.swift; path = ColorExtension.swift; sourceTree = "<group>"; };
		BA5E1B95284E4B31002AB742 /* SocketClientManager.swift */ = {isa = PBXFileReference; lastKnownFileType = sourcecode.swift; path = SocketClientManager.swift; sourceTree = "<group>"; };
		BA8242F3285DC449000F909A /* NetWorkPermission.swift */ = {isa = PBXFileReference; lastKnownFileType = sourcecode.swift; path = NetWorkPermission.swift; sourceTree = "<group>"; };
		BA9743A12871EAB800125995 /* Assets.xcassets */ = {isa = PBXFileReference; lastKnownFileType = folder.assetcatalog; path = Assets.xcassets; sourceTree = "<group>"; };
		BAAB51202850F60A00B5540F /* Info.plist */ = {isa = PBXFileReference; lastKnownFileType = text.plist; path = Info.plist; sourceTree = "<group>"; };
		BAAB51212850F66D00B5540F /* Request.swift */ = {isa = PBXFileReference; lastKnownFileType = sourcecode.swift; path = Request.swift; sourceTree = "<group>"; };
		BAB50299284CD7DD0046D988 /* AppDelegate.swift */ = {isa = PBXFileReference; lastKnownFileType = sourcecode.swift; path = AppDelegate.swift; sourceTree = "<group>"; };
		BAB5029B284CD8230046D988 /* prpjp.swift */ = {isa = PBXFileReference; lastKnownFileType = sourcecode.swift; path = prpjp.swift; sourceTree = "<group>"; };
		BAD14F09286B51CA00F0D8F5 /* Translate.swift */ = {isa = PBXFileReference; lastKnownFileType = sourcecode.swift; path = Translate.swift; sourceTree = "<group>"; };
		BAD14F0B286B552800F0D8F5 /* UDPManager.swift */ = {isa = PBXFileReference; lastKnownFileType = sourcecode.swift; path = UDPManager.swift; sourceTree = "<group>"; };
		BAE3F0BB286F281500B0B0C8 /* ToggleButton.swift */ = {isa = PBXFileReference; lastKnownFileType = sourcecode.swift; path = ToggleButton.swift; sourceTree = "<group>"; };
		BAFC282B2846466F00899F5A /* prpjp.app */ = {isa = PBXFileReference; explicitFileType = wrapper.application; includeInIndex = 0; path = prpjp.app; sourceTree = BUILT_PRODUCTS_DIR; };
		BAFC28302846466F00899F5A /* ContentView.swift */ = {isa = PBXFileReference; lastKnownFileType = sourcecode.swift; path = ContentView.swift; sourceTree = "<group>"; };
		BAFC28352846467100899F5A /* Preview Assets.xcassets */ = {isa = PBXFileReference; lastKnownFileType = folder.assetcatalog; path = "Preview Assets.xcassets"; sourceTree = "<group>"; };
		BAFC283C28465DD200899F5A /* RadioButton.swift */ = {isa = PBXFileReference; lastKnownFileType = sourcecode.swift; path = RadioButton.swift; sourceTree = "<group>"; };
		BAFC28402846633700899F5A /* RectangleButton.swift */ = {isa = PBXFileReference; lastKnownFileType = sourcecode.swift; path = RectangleButton.swift; sourceTree = "<group>"; };
		BAFC28422846689B00899F5A /* TranslationButtonGroup.swift */ = {isa = PBXFileReference; lastKnownFileType = sourcecode.swift; path = TranslationButtonGroup.swift; sourceTree = "<group>"; };
		BAFC28442849007C00899F5A /* Constants.swift */ = {isa = PBXFileReference; lastKnownFileType = sourcecode.swift; path = Constants.swift; sourceTree = "<group>"; };
		BAFC284628490BAC00899F5A /* CircleButton.swift */ = {isa = PBXFileReference; lastKnownFileType = sourcecode.swift; path = CircleButton.swift; sourceTree = "<group>"; };
		E325D64C28949F99007248B0 /* SocketServerManager.swift */ = {isa = PBXFileReference; lastKnownFileType = sourcecode.swift; path = SocketServerManager.swift; sourceTree = "<group>"; };
		E325D64F2894A6DC007248B0 /* TransferData.swift */ = {isa = PBXFileReference; lastKnownFileType = sourcecode.swift; path = TransferData.swift; sourceTree = "<group>"; };
		E38EADA2288EF443005A868C /* PHPVideoPicker.swift */ = {isa = PBXFileReference; lastKnownFileType = sourcecode.swift; path = PHPVideoPicker.swift; sourceTree = "<group>"; };
		F36178F623074501F50612DE /* Pods-prpjp.debug.xcconfig */ = {isa = PBXFileReference; includeInIndex = 1; lastKnownFileType = text.xcconfig; name = "Pods-prpjp.debug.xcconfig"; path = "Target Support Files/Pods-prpjp/Pods-prpjp.debug.xcconfig"; sourceTree = "<group>"; };
/* End PBXFileReference section */

/* Begin PBXFrameworksBuildPhase section */
		BAFC28282846466F00899F5A /* Frameworks */ = {
			isa = PBXFrameworksBuildPhase;
			buildActionMask = 2147483647;
			files = (
				E325D64B28949F74007248B0 /* Socket in Frameworks */,
				E325D64928949F74007248B0 /* BlueSocketTestCommonLibrary in Frameworks */,
				C11861C9A3E2F66909B1D9F6 /* Pods_prpjp.framework in Frameworks */,
			);
			runOnlyForDeploymentPostprocessing = 0;
		};
/* End PBXFrameworksBuildPhase section */

/* Begin PBXGroup section */
		2BF924FDF5AF1BECA50CEACF /* Frameworks */ = {
			isa = PBXGroup;
			children = (
				29588CBB10066F5A27EDC45A /* Pods_prpjp.framework */,
			);
			name = Frameworks;
			sourceTree = "<group>";
		};
		662CBC3712D3AE6812237EA9 /* Pods */ = {
			isa = PBXGroup;
			children = (
				F36178F623074501F50612DE /* Pods-prpjp.debug.xcconfig */,
				A5724131929B4E040FCD003F /* Pods-prpjp.release.xcconfig */,
			);
			path = Pods;
			sourceTree = "<group>";
		};
		BA48A6D22896D81A00E3C672 /* Picker */ = {
			isa = PBXGroup;
			children = (
				E38EADA2288EF443005A868C /* PHPVideoPicker.swift */,
				BA54A5002868CD5F00F0D354 /* ImagePicker.swift */,
			);
			path = Picker;
			sourceTree = "<group>";
		};
		BA5E1B8E284E233E002AB742 /* Buttons */ = {
			isa = PBXGroup;
			children = (
				BAFC283C28465DD200899F5A /* RadioButton.swift */,
				BAFC28402846633700899F5A /* RectangleButton.swift */,
				BA5E1B8C284E1FCD002AB742 /* PressButton.swift */,
				BAFC284628490BAC00899F5A /* CircleButton.swift */,
				BAFC28422846689B00899F5A /* TranslationButtonGroup.swift */,
				BAE3F0BB286F281500B0B0C8 /* ToggleButton.swift */,
				BA48A6D32896E3C000E3C672 /* SpeakButton.swift */,
			);
			path = Buttons;
			sourceTree = "<group>";
		};
		BAFC28222846466F00899F5A = {
			isa = PBXGroup;
			children = (
				BAFC282D2846466F00899F5A /* prpjp */,
				BAFC282C2846466F00899F5A /* Products */,
				662CBC3712D3AE6812237EA9 /* Pods */,
				2BF924FDF5AF1BECA50CEACF /* Frameworks */,
			);
			sourceTree = "<group>";
		};
		BAFC282C2846466F00899F5A /* Products */ = {
			isa = PBXGroup;
			children = (
				BAFC282B2846466F00899F5A /* prpjp.app */,
			);
			name = Products;
			sourceTree = "<group>";
		};
		BAFC282D2846466F00899F5A /* prpjp */ = {
			isa = PBXGroup;
			children = (
				BAB5029B284CD8230046D988 /* prpjp.swift */,
				BAB50299284CD7DD0046D988 /* AppDelegate.swift */,
				BA48A6D22896D81A00E3C672 /* Picker */,
				E325D6512894A79A007248B0 /* Manager */,
				E325D64E2894A6D2007248B0 /* Model */,
				BAAB51202850F60A00B5540F /* Info.plist */,
				BAFC28302846466F00899F5A /* ContentView.swift */,
				BAD14F09286B51CA00F0D8F5 /* Translate.swift */,
				BA9743A12871EAB800125995 /* Assets.xcassets */,
				BA54A4FE2868C6A400F0D354 /* SpeechRecognizer.swift */,
				BA5E1B8F284E2821002AB742 /* ColorExtension.swift */,
				BA5E1B8E284E233E002AB742 /* Buttons */,
				BAFC28342846467100899F5A /* Preview Content */,
				BAFC28442849007C00899F5A /* Constants.swift */,
				BAAB51212850F66D00B5540F /* Request.swift */,
				BA8242F3285DC449000F909A /* NetWorkPermission.swift */,
			);
			path = prpjp;
			sourceTree = "<group>";
		};
		BAFC28342846467100899F5A /* Preview Content */ = {
			isa = PBXGroup;
			children = (
				BAFC28352846467100899F5A /* Preview Assets.xcassets */,
			);
			path = "Preview Content";
			sourceTree = "<group>";
		};
		E325D64E2894A6D2007248B0 /* Model */ = {
			isa = PBXGroup;
			children = (
				E325D64F2894A6DC007248B0 /* TransferData.swift */,
			);
			path = Model;
			sourceTree = "<group>";
		};
		E325D6512894A79A007248B0 /* Manager */ = {
			isa = PBXGroup;
			children = (
				E325D64C28949F99007248B0 /* SocketServerManager.swift */,
				BA5E1B95284E4B31002AB742 /* SocketClientManager.swift */,
				BAD14F0B286B552800F0D8F5 /* UDPManager.swift */,
			);
			path = Manager;
			sourceTree = "<group>";
		};
/* End PBXGroup section */

/* Begin PBXNativeTarget section */
		BAFC282A2846466F00899F5A /* prpjp */ = {
			isa = PBXNativeTarget;
			buildConfigurationList = BAFC28392846467100899F5A /* Build configuration list for PBXNativeTarget "prpjp" */;
			buildPhases = (
				5734C8CAD1894A1F48217BE0 /* [CP] Check Pods Manifest.lock */,
				BAFC28272846466F00899F5A /* Sources */,
				BAFC28282846466F00899F5A /* Frameworks */,
				BAFC28292846466F00899F5A /* Resources */,
				156361EE8C459C2C2B35E518 /* [CP] Embed Pods Frameworks */,
			);
			buildRules = (
			);
			dependencies = (
			);
			name = prpjp;
			packageProductDependencies = (
				E325D64828949F74007248B0 /* BlueSocketTestCommonLibrary */,
				E325D64A28949F74007248B0 /* Socket */,
			);
			productName = prpjp;
			productReference = BAFC282B2846466F00899F5A /* prpjp.app */;
			productType = "com.apple.product-type.application";
		};
/* End PBXNativeTarget section */

/* Begin PBXProject section */
		BAFC28232846466F00899F5A /* Project object */ = {
			isa = PBXProject;
			attributes = {
				BuildIndependentTargetsInParallel = 1;
				LastSwiftUpdateCheck = 1340;
				LastUpgradeCheck = 1340;
				TargetAttributes = {
					BAFC282A2846466F00899F5A = {
						CreatedOnToolsVersion = 13.4;
					};
				};
			};
			buildConfigurationList = BAFC28262846466F00899F5A /* Build configuration list for PBXProject "prpjp" */;
			compatibilityVersion = "Xcode 13.0";
			developmentRegion = en;
			hasScannedForEncodings = 0;
			knownRegions = (
				en,
				Base,
			);
			mainGroup = BAFC28222846466F00899F5A;
			packageReferences = (
				E325D64728949F74007248B0 /* XCRemoteSwiftPackageReference "BlueSocket" */,
			);
			productRefGroup = BAFC282C2846466F00899F5A /* Products */;
			projectDirPath = "";
			projectRoot = "";
			targets = (
				BAFC282A2846466F00899F5A /* prpjp */,
			);
		};
/* End PBXProject section */

/* Begin PBXResourcesBuildPhase section */
		BAFC28292846466F00899F5A /* Resources */ = {
			isa = PBXResourcesBuildPhase;
			buildActionMask = 2147483647;
			files = (
				BA9743A22871EAB800125995 /* Assets.xcassets in Resources */,
				BAFC28362846467100899F5A /* Preview Assets.xcassets in Resources */,
			);
			runOnlyForDeploymentPostprocessing = 0;
		};
/* End PBXResourcesBuildPhase section */

/* Begin PBXShellScriptBuildPhase section */
		156361EE8C459C2C2B35E518 /* [CP] Embed Pods Frameworks */ = {
			isa = PBXShellScriptBuildPhase;
			buildActionMask = 2147483647;
			files = (
			);
			inputFileListPaths = (
				"${PODS_ROOT}/Target Support Files/Pods-prpjp/Pods-prpjp-frameworks-${CONFIGURATION}-input-files.xcfilelist",
			);
			name = "[CP] Embed Pods Frameworks";
			outputFileListPaths = (
				"${PODS_ROOT}/Target Support Files/Pods-prpjp/Pods-prpjp-frameworks-${CONFIGURATION}-output-files.xcfilelist",
			);
			runOnlyForDeploymentPostprocessing = 0;
			shellPath = /bin/sh;
			shellScript = "\"${PODS_ROOT}/Target Support Files/Pods-prpjp/Pods-prpjp-frameworks.sh\"\n";
			showEnvVarsInLog = 0;
		};
		5734C8CAD1894A1F48217BE0 /* [CP] Check Pods Manifest.lock */ = {
			isa = PBXShellScriptBuildPhase;
			buildActionMask = 2147483647;
			files = (
			);
			inputFileListPaths = (
			);
			inputPaths = (
				"${PODS_PODFILE_DIR_PATH}/Podfile.lock",
				"${PODS_ROOT}/Manifest.lock",
			);
			name = "[CP] Check Pods Manifest.lock";
			outputFileListPaths = (
			);
			outputPaths = (
				"$(DERIVED_FILE_DIR)/Pods-prpjp-checkManifestLockResult.txt",
			);
			runOnlyForDeploymentPostprocessing = 0;
			shellPath = /bin/sh;
			shellScript = "diff \"${PODS_PODFILE_DIR_PATH}/Podfile.lock\" \"${PODS_ROOT}/Manifest.lock\" > /dev/null\nif [ $? != 0 ] ; then\n    # print error to STDERR\n    echo \"error: The sandbox is not in sync with the Podfile.lock. Run 'pod install' or update your CocoaPods installation.\" >&2\n    exit 1\nfi\n# This output is used by Xcode 'outputs' to avoid re-running this script phase.\necho \"SUCCESS\" > \"${SCRIPT_OUTPUT_FILE_0}\"\n";
			showEnvVarsInLog = 0;
		};
/* End PBXShellScriptBuildPhase section */

/* Begin PBXSourcesBuildPhase section */
		BAFC28272846466F00899F5A /* Sources */ = {
			isa = PBXSourcesBuildPhase;
			buildActionMask = 2147483647;
			files = (
				BAB5029A284CD7DD0046D988 /* AppDelegate.swift in Sources */,
				E325D64D28949F99007248B0 /* SocketServerManager.swift in Sources */,
				E325D6502894A6DC007248B0 /* TransferData.swift in Sources */,
				BAAB51222850F66D00B5540F /* Request.swift in Sources */,
				BAFC283D28465DD200899F5A /* RadioButton.swift in Sources */,
				BAFC28312846466F00899F5A /* ContentView.swift in Sources */,
				BAFC284728490BAC00899F5A /* CircleButton.swift in Sources */,
				BA5E1B96284E4B31002AB742 /* SocketClientManager.swift in Sources */,
				BA8242F4285DC449000F909A /* NetWorkPermission.swift in Sources */,
				BA54A4FF2868C6A400F0D354 /* SpeechRecognizer.swift in Sources */,
				BA5E1B8D284E1FCD002AB742 /* PressButton.swift in Sources */,
				BAE3F0BC286F281500B0B0C8 /* ToggleButton.swift in Sources */,
				BAFC28412846633700899F5A /* RectangleButton.swift in Sources */,
				BAFC28452849007C00899F5A /* Constants.swift in Sources */,
				BAB5029C284CD8230046D988 /* prpjp.swift in Sources */,
				BAD14F0A286B51CA00F0D8F5 /* Translate.swift in Sources */,
				E38EADA3288EF443005A868C /* PHPVideoPicker.swift in Sources */,
				BA54A5012868CD5F00F0D354 /* ImagePicker.swift in Sources */,
				BA48A6D42896E3C000E3C672 /* SpeakButton.swift in Sources */,
				BAFC28432846689B00899F5A /* TranslationButtonGroup.swift in Sources */,
				BAD14F0C286B552800F0D8F5 /* UDPManager.swift in Sources */,
				BA5E1B90284E2821002AB742 /* ColorExtension.swift in Sources */,
			);
			runOnlyForDeploymentPostprocessing = 0;
		};
/* End PBXSourcesBuildPhase section */

/* Begin XCBuildConfiguration section */
		BAFC28372846467100899F5A /* Debug */ = {
			isa = XCBuildConfiguration;
			buildSettings = {
				ALWAYS_SEARCH_USER_PATHS = NO;
				CLANG_ANALYZER_NONNULL = YES;
				CLANG_ANALYZER_NUMBER_OBJECT_CONVERSION = YES_AGGRESSIVE;
				CLANG_CXX_LANGUAGE_STANDARD = "gnu++17";
				CLANG_ENABLE_MODULES = YES;
				CLANG_ENABLE_OBJC_ARC = YES;
				CLANG_ENABLE_OBJC_WEAK = YES;
				CLANG_WARN_BLOCK_CAPTURE_AUTORELEASING = YES;
				CLANG_WARN_BOOL_CONVERSION = YES;
				CLANG_WARN_COMMA = YES;
				CLANG_WARN_CONSTANT_CONVERSION = YES;
				CLANG_WARN_DEPRECATED_OBJC_IMPLEMENTATIONS = YES;
				CLANG_WARN_DIRECT_OBJC_ISA_USAGE = YES_ERROR;
				CLANG_WARN_DOCUMENTATION_COMMENTS = YES;
				CLANG_WARN_EMPTY_BODY = YES;
				CLANG_WARN_ENUM_CONVERSION = YES;
				CLANG_WARN_INFINITE_RECURSION = YES;
				CLANG_WARN_INT_CONVERSION = YES;
				CLANG_WARN_NON_LITERAL_NULL_CONVERSION = YES;
				CLANG_WARN_OBJC_IMPLICIT_RETAIN_SELF = YES;
				CLANG_WARN_OBJC_LITERAL_CONVERSION = YES;
				CLANG_WARN_OBJC_ROOT_CLASS = YES_ERROR;
				CLANG_WARN_QUOTED_INCLUDE_IN_FRAMEWORK_HEADER = YES;
				CLANG_WARN_RANGE_LOOP_ANALYSIS = YES;
				CLANG_WARN_STRICT_PROTOTYPES = YES;
				CLANG_WARN_SUSPICIOUS_MOVE = YES;
				CLANG_WARN_UNGUARDED_AVAILABILITY = YES_AGGRESSIVE;
				CLANG_WARN_UNREACHABLE_CODE = YES;
				CLANG_WARN__DUPLICATE_METHOD_MATCH = YES;
				COPY_PHASE_STRIP = NO;
				DEBUG_INFORMATION_FORMAT = dwarf;
				ENABLE_STRICT_OBJC_MSGSEND = YES;
				ENABLE_TESTABILITY = YES;
				GCC_C_LANGUAGE_STANDARD = gnu11;
				GCC_DYNAMIC_NO_PIC = NO;
				GCC_NO_COMMON_BLOCKS = YES;
				GCC_OPTIMIZATION_LEVEL = 0;
				GCC_PREPROCESSOR_DEFINITIONS = (
					"DEBUG=1",
					"$(inherited)",
				);
				GCC_WARN_64_TO_32_BIT_CONVERSION = YES;
				GCC_WARN_ABOUT_RETURN_TYPE = YES_ERROR;
				GCC_WARN_UNDECLARED_SELECTOR = YES;
				GCC_WARN_UNINITIALIZED_AUTOS = YES_AGGRESSIVE;
				GCC_WARN_UNUSED_FUNCTION = YES;
				GCC_WARN_UNUSED_VARIABLE = YES;
				IPHONEOS_DEPLOYMENT_TARGET = 15.5;
				MTL_ENABLE_DEBUG_INFO = INCLUDE_SOURCE;
				MTL_FAST_MATH = YES;
				ONLY_ACTIVE_ARCH = YES;
				SDKROOT = iphoneos;
				SWIFT_ACTIVE_COMPILATION_CONDITIONS = DEBUG;
				SWIFT_OPTIMIZATION_LEVEL = "-Onone";
			};
			name = Debug;
		};
		BAFC28382846467100899F5A /* Release */ = {
			isa = XCBuildConfiguration;
			buildSettings = {
				ALWAYS_SEARCH_USER_PATHS = NO;
				CLANG_ANALYZER_NONNULL = YES;
				CLANG_ANALYZER_NUMBER_OBJECT_CONVERSION = YES_AGGRESSIVE;
				CLANG_CXX_LANGUAGE_STANDARD = "gnu++17";
				CLANG_ENABLE_MODULES = YES;
				CLANG_ENABLE_OBJC_ARC = YES;
				CLANG_ENABLE_OBJC_WEAK = YES;
				CLANG_WARN_BLOCK_CAPTURE_AUTORELEASING = YES;
				CLANG_WARN_BOOL_CONVERSION = YES;
				CLANG_WARN_COMMA = YES;
				CLANG_WARN_CONSTANT_CONVERSION = YES;
				CLANG_WARN_DEPRECATED_OBJC_IMPLEMENTATIONS = YES;
				CLANG_WARN_DIRECT_OBJC_ISA_USAGE = YES_ERROR;
				CLANG_WARN_DOCUMENTATION_COMMENTS = YES;
				CLANG_WARN_EMPTY_BODY = YES;
				CLANG_WARN_ENUM_CONVERSION = YES;
				CLANG_WARN_INFINITE_RECURSION = YES;
				CLANG_WARN_INT_CONVERSION = YES;
				CLANG_WARN_NON_LITERAL_NULL_CONVERSION = YES;
				CLANG_WARN_OBJC_IMPLICIT_RETAIN_SELF = YES;
				CLANG_WARN_OBJC_LITERAL_CONVERSION = YES;
				CLANG_WARN_OBJC_ROOT_CLASS = YES_ERROR;
				CLANG_WARN_QUOTED_INCLUDE_IN_FRAMEWORK_HEADER = YES;
				CLANG_WARN_RANGE_LOOP_ANALYSIS = YES;
				CLANG_WARN_STRICT_PROTOTYPES = YES;
				CLANG_WARN_SUSPICIOUS_MOVE = YES;
				CLANG_WARN_UNGUARDED_AVAILABILITY = YES_AGGRESSIVE;
				CLANG_WARN_UNREACHABLE_CODE = YES;
				CLANG_WARN__DUPLICATE_METHOD_MATCH = YES;
				COPY_PHASE_STRIP = NO;
				DEBUG_INFORMATION_FORMAT = "dwarf-with-dsym";
				ENABLE_NS_ASSERTIONS = NO;
				ENABLE_STRICT_OBJC_MSGSEND = YES;
				GCC_C_LANGUAGE_STANDARD = gnu11;
				GCC_NO_COMMON_BLOCKS = YES;
				GCC_WARN_64_TO_32_BIT_CONVERSION = YES;
				GCC_WARN_ABOUT_RETURN_TYPE = YES_ERROR;
				GCC_WARN_UNDECLARED_SELECTOR = YES;
				GCC_WARN_UNINITIALIZED_AUTOS = YES_AGGRESSIVE;
				GCC_WARN_UNUSED_FUNCTION = YES;
				GCC_WARN_UNUSED_VARIABLE = YES;
				IPHONEOS_DEPLOYMENT_TARGET = 15.5;
				MTL_ENABLE_DEBUG_INFO = NO;
				MTL_FAST_MATH = YES;
				SDKROOT = iphoneos;
				SWIFT_COMPILATION_MODE = wholemodule;
				SWIFT_OPTIMIZATION_LEVEL = "-O";
				VALIDATE_PRODUCT = YES;
			};
			name = Release;
		};
		BAFC283A2846467100899F5A /* Debug */ = {
			isa = XCBuildConfiguration;
			baseConfigurationReference = F36178F623074501F50612DE /* Pods-prpjp.debug.xcconfig */;
			buildSettings = {
				ASSETCATALOG_COMPILER_APPICON_NAME = AppIcon;
				ASSETCATALOG_COMPILER_GLOBAL_ACCENT_COLOR_NAME = AccentColor;
				CODE_SIGN_STYLE = Automatic;
				CURRENT_PROJECT_VERSION = 12;
				DEVELOPMENT_ASSET_PATHS = "\"prpjp/Preview Content\"";
				DEVELOPMENT_TEAM = DDN2CH67GY;
				ENABLE_PREVIEWS = YES;
				GENERATE_INFOPLIST_FILE = YES;
				INFOPLIST_FILE = prpjp/Info.plist;
				INFOPLIST_KEY_NSLocalNetworkUsageDescription = YES;
				INFOPLIST_KEY_NSMicrophoneUsageDescription = "Audio is recorded to transcribe the meeting. Audio recordings are discarded after transcription.";
				INFOPLIST_KEY_NSPhotoLibraryAddUsageDescription = "This app wants to save pictures & videos to your library.";
				INFOPLIST_KEY_NSPhotoLibraryUsageDescription = "This app wants to use your picture & video library.";
				INFOPLIST_KEY_NSSpeechRecognitionUsageDescription = "prpjp speech app";
				INFOPLIST_KEY_UIApplicationSceneManifest_Generation = YES;
				INFOPLIST_KEY_UIApplicationSupportsIndirectInputEvents = YES;
				INFOPLIST_KEY_UILaunchScreen_Generation = YES;
				INFOPLIST_KEY_UISupportedInterfaceOrientations = "UIInterfaceOrientationLandscapeLeft UIInterfaceOrientationLandscapeRight";
				INFOPLIST_KEY_UISupportedInterfaceOrientations_iPad = "UIInterfaceOrientationPortrait UIInterfaceOrientationPortraitUpsideDown UIInterfaceOrientationLandscapeLeft UIInterfaceOrientationLandscapeRight";
				INFOPLIST_KEY_UISupportedInterfaceOrientations_iPhone = "UIInterfaceOrientationPortrait UIInterfaceOrientationLandscapeLeft UIInterfaceOrientationLandscapeRight";
				IPHONEOS_DEPLOYMENT_TARGET = 15.5;
				LD_RUNPATH_SEARCH_PATHS = (
					"$(inherited)",
					"@executable_path/Frameworks",
				);
				MARKETING_VERSION = 1.0.7;
				PRODUCT_BUNDLE_IDENTIFIER = alsrl.prpjp;
				PRODUCT_NAME = "$(TARGET_NAME)";
				SWIFT_EMIT_LOC_STRINGS = YES;
				SWIFT_VERSION = 5.0;
				TARGETED_DEVICE_FAMILY = "1,2";
			};
			name = Debug;
		};
		BAFC283B2846467100899F5A /* Release */ = {
			isa = XCBuildConfiguration;
			baseConfigurationReference = A5724131929B4E040FCD003F /* Pods-prpjp.release.xcconfig */;
			buildSettings = {
				ASSETCATALOG_COMPILER_APPICON_NAME = AppIcon;
				ASSETCATALOG_COMPILER_GLOBAL_ACCENT_COLOR_NAME = AccentColor;
				CODE_SIGN_STYLE = Automatic;
				CURRENT_PROJECT_VERSION = 12;
				DEVELOPMENT_ASSET_PATHS = "\"prpjp/Preview Content\"";
				DEVELOPMENT_TEAM = DDN2CH67GY;
				ENABLE_PREVIEWS = YES;
				GENERATE_INFOPLIST_FILE = YES;
				INFOPLIST_FILE = prpjp/Info.plist;
				INFOPLIST_KEY_NSLocalNetworkUsageDescription = YES;
				INFOPLIST_KEY_NSMicrophoneUsageDescription = "Audio is recorded to transcribe the meeting. Audio recordings are discarded after transcription.";
				INFOPLIST_KEY_NSPhotoLibraryAddUsageDescription = "This app wants to save pictures & videos to your library.";
				INFOPLIST_KEY_NSPhotoLibraryUsageDescription = "This app wants to use your picture & video library.";
				INFOPLIST_KEY_NSSpeechRecognitionUsageDescription = "prpjp speech app";
				INFOPLIST_KEY_UIApplicationSceneManifest_Generation = YES;
				INFOPLIST_KEY_UIApplicationSupportsIndirectInputEvents = YES;
				INFOPLIST_KEY_UILaunchScreen_Generation = YES;
				INFOPLIST_KEY_UISupportedInterfaceOrientations = "UIInterfaceOrientationLandscapeLeft UIInterfaceOrientationLandscapeRight";
				INFOPLIST_KEY_UISupportedInterfaceOrientations_iPad = "UIInterfaceOrientationPortrait UIInterfaceOrientationPortraitUpsideDown UIInterfaceOrientationLandscapeLeft UIInterfaceOrientationLandscapeRight";
				INFOPLIST_KEY_UISupportedInterfaceOrientations_iPhone = "UIInterfaceOrientationPortrait UIInterfaceOrientationLandscapeLeft UIInterfaceOrientationLandscapeRight";
				IPHONEOS_DEPLOYMENT_TARGET = 15.5;
				LD_RUNPATH_SEARCH_PATHS = (
					"$(inherited)",
					"@executable_path/Frameworks",
				);
				MARKETING_VERSION = 1.0.7;
				PRODUCT_BUNDLE_IDENTIFIER = alsrl.prpjp;
				PRODUCT_NAME = "$(TARGET_NAME)";
				SWIFT_EMIT_LOC_STRINGS = YES;
				SWIFT_VERSION = 5.0;
				TARGETED_DEVICE_FAMILY = "1,2";
			};
			name = Release;
		};
/* End XCBuildConfiguration section */

/* Begin XCConfigurationList section */
		BAFC28262846466F00899F5A /* Build configuration list for PBXProject "prpjp" */ = {
			isa = XCConfigurationList;
			buildConfigurations = (
				BAFC28372846467100899F5A /* Debug */,
				BAFC28382846467100899F5A /* Release */,
			);
			defaultConfigurationIsVisible = 0;
			defaultConfigurationName = Release;
		};
		BAFC28392846467100899F5A /* Build configuration list for PBXNativeTarget "prpjp" */ = {
			isa = XCConfigurationList;
			buildConfigurations = (
				BAFC283A2846467100899F5A /* Debug */,
				BAFC283B2846467100899F5A /* Release */,
			);
			defaultConfigurationIsVisible = 0;
			defaultConfigurationName = Release;
		};
/* End XCConfigurationList section */

/* Begin XCRemoteSwiftPackageReference section */
		E325D64728949F74007248B0 /* XCRemoteSwiftPackageReference "BlueSocket" */ = {
			isa = XCRemoteSwiftPackageReference;
			repositoryURL = "https://github.com/Kitura/BlueSocket";
			requirement = {
				kind = upToNextMajorVersion;
				minimumVersion = 2.0.2;
			};
		};
/* End XCRemoteSwiftPackageReference section */

/* Begin XCSwiftPackageProductDependency section */
		E325D64828949F74007248B0 /* BlueSocketTestCommonLibrary */ = {
			isa = XCSwiftPackageProductDependency;
			package = E325D64728949F74007248B0 /* XCRemoteSwiftPackageReference "BlueSocket" */;
			productName = BlueSocketTestCommonLibrary;
		};
		E325D64A28949F74007248B0 /* Socket */ = {
			isa = XCSwiftPackageProductDependency;
			package = E325D64728949F74007248B0 /* XCRemoteSwiftPackageReference "BlueSocket" */;
			productName = Socket;
		};
/* End XCSwiftPackageProductDependency section */
	};
	rootObject = BAFC28232846466F00899F5A /* Project object */;
}
